# This file is automatically @generated by Poetry 2.2.1 and should not be changed by hand.

[[package]]
name = "colorama"
version = "0.4.6"
description = "Cross-platform colored terminal text."
optional = false
python-versions = "!=3.0.*,!=3.1.*,!=3.2.*,!=3.3.*,!=3.4.*,!=3.5.*,!=3.6.*,>=2.7"
groups = ["dev"]
markers = "sys_platform == \"win32\""
files = [
    {file = "colorama-0.4.6-py2.py3-none-any.whl", hash = "sha256:4f1d9991f5acc0ca119f9d443620b77f9d6b33703e51011c16baf57afb285fc6"},
    {file = "colorama-0.4.6.tar.gz", hash = "sha256:08695f5cb7ed6e0531a20572697297273c47b8cae5a63ffc6d6ed5c201be6e44"},
]

[[package]]
name = "exceptiongroup"
version = "1.2.2"
description = "Backport of PEP 654 (exception groups)"
optional = false
python-versions = ">=3.7"
groups = ["dev"]
markers = "python_version < \"3.11\""
files = [
    {file = "exceptiongroup-1.2.2-py3-none-any.whl", hash = "sha256:3111b9d131c238bec2f8f516e123e14ba243563fb135d3fe885990585aa7795b"},
    {file = "exceptiongroup-1.2.2.tar.gz", hash = "sha256:47c2edf7c6738fafb49fd34290706d1a1a2f4d1c6df275526b62cbb4aa5393cc"},
]

[package.extras]
test = ["pytest (>=6)"]

[[package]]
name = "iniconfig"
version = "2.0.0"
description = "brain-dead simple config-ini parsing"
optional = false
python-versions = ">=3.7"
groups = ["dev"]
files = [
    {file = "iniconfig-2.0.0-py3-none-any.whl", hash = "sha256:b6a85871a79d2e3b22d2d1b94ac2824226a63c6b741c88f7ae975f18b6778374"},
    {file = "iniconfig-2.0.0.tar.gz", hash = "sha256:2d91e135bf72d31a410b17c16da610a82cb55f6b0477d1a902134b24a455b8b3"},
]

[[package]]
name = "packaging"
version = "24.1"
description = "Core utilities for Python packages"
optional = false
python-versions = ">=3.8"
groups = ["dev"]
files = [
    {file = "packaging-24.1-py3-none-any.whl", hash = "sha256:5b8f2217dbdbd2f7f384c41c628544e6d52f2d0f53c6d0c3ea61aa5d1d7ff124"},
    {file = "packaging-24.1.tar.gz", hash = "sha256:026ed72c8ed3fcce5bf8950572258698927fd1dbda10a5e981cdf0ac37f4f002"},
]

[[package]]
name = "pluggy"
version = "1.5.0"
description = "plugin and hook calling mechanisms for python"
optional = false
python-versions = ">=3.8"
groups = ["dev"]
files = [
    {file = "pluggy-1.5.0-py3-none-any.whl", hash = "sha256:44e1ad92c8ca002de6377e165f3e0f1be63266ab4d554740532335b9d75ea669"},
    {file = "pluggy-1.5.0.tar.gz", hash = "sha256:2cffa88e94fdc978c4c574f15f9e59b7f4201d439195c3715ca9e2486f1d0cf1"},
]

[package.extras]
dev = ["pre-commit", "tox"]
testing = ["pytest", "pytest-benchmark"]

[[package]]
name = "pytest"
version = "8.3.5"
description = "pytest: simple powerful testing with Python"
optional = false
python-versions = ">=3.8"
groups = ["dev"]
files = [
    {file = "pytest-8.3.5-py3-none-any.whl", hash = "sha256:c69214aa47deac29fad6c2a4f590b9c4a9fdb16a403176fe154b79c0b4d4d820"},
    {file = "pytest-8.3.5.tar.gz", hash = "sha256:f4efe70cc14e511565ac476b57c279e12a855b11f48f212af1080ef2263d3845"},
]

[package.dependencies]
colorama = {version = "*", markers = "sys_platform == \"win32\""}
exceptiongroup = {version = ">=1.0.0rc8", markers = "python_version < \"3.11\""}
iniconfig = "*"
packaging = "*"
pluggy = ">=1.5,<2"
tomli = {version = ">=1", markers = "python_version < \"3.11\""}

[package.extras]
dev = ["argcomplete", "attrs (>=19.2)", "hypothesis (>=3.56)", "mock", "pygments (>=2.7.2)", "requests", "setuptools", "xmlschema"]

[[package]]
name = "ruff"
version = "0.14.9"
description = "An extremely fast Python linter and code formatter, written in Rust."
optional = false
python-versions = ">=3.7"
groups = ["dev"]
files = [
    {file = "ruff-0.14.9-py3-none-linux_armv6l.whl", hash = "sha256:f1ec5de1ce150ca6e43691f4a9ef5c04574ad9ca35c8b3b0e18877314aba7e75"},
    {file = "ruff-0.14.9-py3-none-macosx_10_12_x86_64.whl", hash = "sha256:ed9d7417a299fc6030b4f26333bf1117ed82a61ea91238558c0268c14e00d0c2"},
    {file = "ruff-0.14.9-py3-none-macosx_11_0_arm64.whl", hash = "sha256:d5dc3473c3f0e4a1008d0ef1d75cee24a48e254c8bed3a7afdd2b4392657ed2c"},
    {file = "ruff-0.14.9-py3-none-manylinux_2_17_aarch64.manylinux2014_aarch64.whl", hash = "sha256:84bf7c698fc8f3cb8278830fb6b5a47f9bcc1ed8cb4f689b9dd02698fa840697"},
    {file = "ruff-0.14.9-py3-none-manylinux_2_17_armv7l.manylinux2014_armv7l.whl", hash = "sha256:aa733093d1f9d88a5d98988d8834ef5d6f9828d03743bf5e338bf980a19fce27"},
    {file = "ruff-0.14.9-py3-none-manylinux_2_17_i686.manylinux2014_i686.whl", hash = "sha256:6a1cfb04eda979b20c8c19550c8b5f498df64ff8da151283311ce3199e8b3648"},
    {file = "ruff-0.14.9-py3-none-manylinux_2_17_ppc64.manylinux2014_ppc64.whl", hash = "sha256:1e5cb521e5ccf0008bd74d5595a4580313844a42b9103b7388eca5a12c970743"},
    {file = "ruff-0.14.9-py3-none-manylinux_2_17_ppc64le.manylinux2014_ppc64le.whl", hash = "sha256:cd429a8926be6bba4befa8cdcf3f4dd2591c413ea5066b1e99155ed245ae42bb"},
    {file = "ruff-0.14.9-py3-none-manylinux_2_17_s390x.manylinux2014_s390x.whl", hash = "sha256:ab208c1b7a492e37caeaf290b1378148f75e13c2225af5d44628b95fd7834273"},
    {file = "ruff-0.14.9-py3-none-manylinux_2_17_x86_64.manylinux2014_x86_64.whl", hash = "sha256:72034534e5b11e8a593f517b2f2f2b273eb68a30978c6a2d40473ad0aaa4cb4a"},
    {file = "ruff-0.14.9-py3-none-manylinux_2_31_riscv64.whl", hash = "sha256:712ff04f44663f1b90a1195f51525836e3413c8a773574a7b7775554269c30ed"},
    {file = "ruff-0.14.9-py3-none-musllinux_1_2_aarch64.whl", hash = "sha256:a111fee1db6f1d5d5810245295527cda1d367c5aa8f42e0fca9a78ede9b4498b"},
    {file = "ruff-0.14.9-py3-none-musllinux_1_2_armv7l.whl", hash = "sha256:8769efc71558fecc25eb295ddec7d1030d41a51e9dcf127cbd63ec517f22d567"},
    {file = "ruff-0.14.9-py3-none-musllinux_1_2_i686.whl", hash = "sha256:347e3bf16197e8a2de17940cd75fd6491e25c0aa7edf7d61aa03f146a1aa885a"},
    {file = "ruff-0.14.9-py3-none-musllinux_1_2_x86_64.whl", hash = "sha256:7715d14e5bccf5b660f54516558aa94781d3eb0838f8e706fb60e3ff6eff03a8"},
    {file = "ruff-0.14.9-py3-none-win32.whl", hash = "sha256:df0937f30aaabe83da172adaf8937003ff28172f59ca9f17883b4213783df197"},
    {file = "ruff-0.14.9-py3-none-win_amd64.whl", hash = "sha256:c0b53a10e61df15a42ed711ec0bda0c582039cf6c754c49c020084c55b5b0bc2"},
    {file = "ruff-0.14.9-py3-none-win_arm64.whl", hash = "sha256:8e821c366517a074046d92f0e9213ed1c13dbc5b37a7fc20b07f79b64d62cc84"},
    {file = "ruff-0.14.9.tar.gz", hash = "sha256:35f85b25dd586381c0cc053f48826109384c81c00ad7ef1bd977bfcc28119d5b"},
]

[[package]]
name = "tomli"
version = "2.0.1"
description = "A lil' TOML parser"
optional = false
python-versions = ">=3.7"
groups = ["dev"]
markers = "python_version < \"3.11\""
files = [
    {file = "tomli-2.0.1-py3-none-any.whl", hash = "sha256:939de3e7a6161af0c887ef91b7d41a53e7c5a1ca976325f429cb46ea9bc30ecc"},
    {file = "tomli-2.0.1.tar.gz", hash = "sha256:de526c12914f0c550d15924c62d72abc48d6fe7364aa87328337a31007fe8a4f"},
]

[[package]]
name = "typing-extensions"
version = "4.15.0"
description = "Backported and Experimental Type Hints for Python 3.9+"
optional = false
python-versions = ">=3.9"
groups = ["main"]
files = [
    {file = "typing_extensions-4.15.0-py3-none-any.whl", hash = "sha256:f0fa19c6845758ab08074a0cfa8b7aecb71c999ca73d62883bc25cc018c4e548"},
    {file = "typing_extensions-4.15.0.tar.gz", hash = "sha256:0cea48d173cc12fa28ecabc3b837ea3cf6f38c6d1136f85cbaaf598984861466"},
]

[metadata]
lock-version = "2.1"
python-versions = "^3.9"
content-hash = "80818e696d2dd5403a3fbecb9fa8a9c9e948b1112087807b3f3ac84ab87d7d47"
